
Microsoft Visual Studio Solution File, Format Version 12.00
# Visual Studio 15
VisualStudioVersion = 15.0.28307.329
MinimumVisualStudioVersion = 10.0.40219.1
Project("{8BC9CEB8-8B4A-11D0-8D11-00A0C91BC942}") = "question3-countchar", "question3-countchar\question3-countchar.vcxproj", "{E210E172-BA63-4B1F-AB94-96340EE8DCB4}"
EndProject
Project("{8BC9CEB8-8B4A-11D0-8D11-00A0C91BC942}") = "question4-replacce", "question4-replacce\question4-replacce.vcxproj", "{4778BA2F-BBF6-4564-8DE6-5132CEB34AEE}"
EndProject
Project("{8BC9CEB8-8B4A-11D0-8D11-00A0C91BC942}") = "question5-caseconvert", "question5-lowertoupper\question5-lowertoupper.vcxproj", "{40F07F02-8D15-42ED-B63E-A3E85D7EE9DB}"
EndProject
Project("{8BC9CEB8-8B4A-11D0-8D11-00A0C91BC942}") = "question6-reverse", "question7-reverse\question7-reverse.vcxproj", "{7E10CB4C-BE01-4E4E-A884-272DEB986B81}"
EndProject
Project("{2150E333-8FDC-42A3-9474-1A3956D46DE8}") = "NewFolder1", "NewFolder1", "{63E24CAB-0427-4F69-972E-BBE15CC8F13C}"
EndProject
Project("{8BC9CEB8-8B4A-11D0-8D11-00A0C91BC942}") = "question7-sortstring", "question7-sortstring\question7-sortstring.vcxproj", "{DDDAE3AC-5032-45AA-97C2-8503E70B7D7D}"
EndProject
Project("{8BC9CEB8-8B4A-11D0-8D11-00A0C91BC942}") = "question8-arrayofpointers", "question8-arrayofpointers\question8-arrayofpointers.vcxproj", "{54839A1F-F843-4250-BF4A-CAADF9CBF0A2}"
EndProject
Global
	GlobalSection(SolutionConfigurationPlatforms) = preSolution
		Debug|x64 = Debug|x64
		Debug|x86 = Debug|x86
		Release|x64 = Release|x64
		Release|x86 = Release|x86
	EndGlobalSection
	GlobalSection(ProjectConfigurationPlatforms) = postSolution
		{E210E172-BA63-4B1F-AB94-96340EE8DCB4}.Debug|x64.ActiveCfg = Debug|x64
		{E210E172-BA63-4B1F-AB94-96340EE8DCB4}.Debug|x64.Build.0 = Debug|x64
		{E210E172-BA63-4B1F-AB94-96340EE8DCB4}.Debug|x86.ActiveCfg = Debug|Win32
		{E210E172-BA63-4B1F-AB94-96340EE8DCB4}.Debug|x86.Build.0 = Debug|Win32
		{E210E172-BA63-4B1F-AB94-96340EE8DCB4}.Release|x64.ActiveCfg = Release|x64
		{E210E172-BA63-4B1F-AB94-96340EE8DCB4}.Release|x64.Build.0 = Release|x64
		{E210E172-BA63-4B1F-AB94-96340EE8DCB4}.Release|x86.ActiveCfg = Release|Win32
		{E210E172-BA63-4B1F-AB94-96340EE8DCB4}.Release|x86.Build.0 = Release|Win32
		{4778BA2F-BBF6-4564-8DE6-5132CEB34AEE}.Debug|x64.ActiveCfg = Debug|x64
		{4778BA2F-BBF6-4564-8DE6-5132CEB34AEE}.Debug|x64.Build.0 = Debug|x64
		{4778BA2F-BBF6-4564-8DE6-5132CEB34AEE}.Debug|x86.ActiveCfg = Debug|Win32
		{4778BA2F-BBF6-4564-8DE6-5132CEB34AEE}.Debug|x86.Build.0 = Debug|Win32
		{4778BA2F-BBF6-4564-8DE6-5132CEB34AEE}.Release|x64.ActiveCfg = Release|x64
		{4778BA2F-BBF6-4564-8DE6-5132CEB34AEE}.Release|x64.Build.0 = Release|x64
		{4778BA2F-BBF6-4564-8DE6-5132CEB34AEE}.Release|x86.ActiveCfg = Release|Win32
		{4778BA2F-BBF6-4564-8DE6-5132CEB34AEE}.Release|x86.Build.0 = Release|Win32
		{40F07F02-8D15-42ED-B63E-A3E85D7EE9DB}.Debug|x64.ActiveCfg = Debug|x64
		{40F07F02-8D15-42ED-B63E-A3E85D7EE9DB}.Debug|x64.Build.0 = Debug|x64
		{40F07F02-8D15-42ED-B63E-A3E85D7EE9DB}.Debug|x86.ActiveCfg = Debug|Win32
		{40F07F02-8D15-42ED-B63E-A3E85D7EE9DB}.Debug|x86.Build.0 = Debug|Win32
		{40F07F02-8D15-42ED-B63E-A3E85D7EE9DB}.Release|x64.ActiveCfg = Release|x64
		{40F07F02-8D15-42ED-B63E-A3E85D7EE9DB}.Release|x64.Build.0 = Release|x64
		{40F07F02-8D15-42ED-B63E-A3E85D7EE9DB}.Release|x86.ActiveCfg = Release|Win32
		{40F07F02-8D15-42ED-B63E-A3E85D7EE9DB}.Release|x86.Build.0 = Release|Win32
		{7E10CB4C-BE01-4E4E-A884-272DEB986B81}.Debug|x64.ActiveCfg = Debug|x64
		{7E10CB4C-BE01-4E4E-A884-272DEB986B81}.Debug|x64.Build.0 = Debug|x64
		{7E10CB4C-BE01-4E4E-A884-272DEB986B81}.Debug|x86.ActiveCfg = Debug|Win32
		{7E10CB4C-BE01-4E4E-A884-272DEB986B81}.Debug|x86.Build.0 = Debug|Win32
		{7E10CB4C-BE01-4E4E-A884-272DEB986B81}.Release|x64.ActiveCfg = Release|x64
		{7E10CB4C-BE01-4E4E-A884-272DEB986B81}.Release|x64.Build.0 = Release|x64
		{7E10CB4C-BE01-4E4E-A884-272DEB986B81}.Release|x86.ActiveCfg = Release|Win32
		{7E10CB4C-BE01-4E4E-A884-272DEB986B81}.Release|x86.Build.0 = Release|Win32
		{DDDAE3AC-5032-45AA-97C2-8503E70B7D7D}.Debug|x64.ActiveCfg = Debug|x64
		{DDDAE3AC-5032-45AA-97C2-8503E70B7D7D}.Debug|x64.Build.0 = Debug|x64
		{DDDAE3AC-5032-45AA-97C2-8503E70B7D7D}.Debug|x86.ActiveCfg = Debug|Win32
		{DDDAE3AC-5032-45AA-97C2-8503E70B7D7D}.Debug|x86.Build.0 = Debug|Win32
		{DDDAE3AC-5032-45AA-97C2-8503E70B7D7D}.Release|x64.ActiveCfg = Release|x64
		{DDDAE3AC-5032-45AA-97C2-8503E70B7D7D}.Release|x64.Build.0 = Release|x64
		{DDDAE3AC-5032-45AA-97C2-8503E70B7D7D}.Release|x86.ActiveCfg = Release|Win32
		{DDDAE3AC-5032-45AA-97C2-8503E70B7D7D}.Release|x86.Build.0 = Release|Win32
		{54839A1F-F843-4250-BF4A-CAADF9CBF0A2}.Debug|x64.ActiveCfg = Debug|x64
		{54839A1F-F843-4250-BF4A-CAADF9CBF0A2}.Debug|x64.Build.0 = Debug|x64
		{54839A1F-F843-4250-BF4A-CAADF9CBF0A2}.Debug|x86.ActiveCfg = Debug|Win32
		{54839A1F-F843-4250-BF4A-CAADF9CBF0A2}.Debug|x86.Build.0 = Debug|Win32
		{54839A1F-F843-4250-BF4A-CAADF9CBF0A2}.Release|x64.ActiveCfg = Release|x64
		{54839A1F-F843-4250-BF4A-CAADF9CBF0A2}.Release|x64.Build.0 = Release|x64
		{54839A1F-F843-4250-BF4A-CAADF9CBF0A2}.Release|x86.ActiveCfg = Release|Win32
		{54839A1F-F843-4250-BF4A-CAADF9CBF0A2}.Release|x86.Build.0 = Release|Win32
	EndGlobalSection
	GlobalSection(SolutionProperties) = preSolution
		HideSolutionNode = FALSE
	EndGlobalSection
	GlobalSection(ExtensibilityGlobals) = postSolution
		SolutionGuid = {5A50BC3E-75CB-4539-9351-DF9C692EEB32}
	EndGlobalSection
EndGlobal
