
Microsoft Visual Studio Solution File, Format Version 12.00
# Visual Studio 15
VisualStudioVersion = 15.0.28307.329
MinimumVisualStudioVersion = 10.0.40219.1
Project("{8BC9CEB8-8B4A-11D0-8D11-00A0C91BC942}") = "Calculator-question1", "Calculator\Calculator.vcxproj", "{2C208FEA-36A2-45BE-99EF-0387B57A6C4E}"
EndProject
Project("{8BC9CEB8-8B4A-11D0-8D11-00A0C91BC942}") = "question3", "question3\question3.vcxproj", "{3EEA4F94-ECE4-4467-BC4B-16FE32DE5B55}"
EndProject
Project("{8BC9CEB8-8B4A-11D0-8D11-00A0C91BC942}") = "question12", "question12\question12.vcxproj", "{410D1A28-66FA-480B-8901-69C7CFE7AC83}"
EndProject
Project("{8BC9CEB8-8B4A-11D0-8D11-00A0C91BC942}") = "question6", "question6\question6.vcxproj", "{D631CFD2-DDCE-4448-BEBD-08B641B9ECDF}"
EndProject
Project("{8BC9CEB8-8B4A-11D0-8D11-00A0C91BC942}") = "question8", "question8\question8.vcxproj", "{3BE07B2C-1838-4E31-B23F-F7220C6AEF82}"
EndProject
Project("{8BC9CEB8-8B4A-11D0-8D11-00A0C91BC942}") = "question4-armstrong", "armstrong\armstrong.vcxproj", "{912ED388-31C4-4A56-BF87-F885E4FDBE71}"
EndProject
Project("{8BC9CEB8-8B4A-11D0-8D11-00A0C91BC942}") = "question5-palindrome", "question5-palindrome\question5-palindrome.vcxproj", "{E7DA62D9-DC5B-4BEF-BB4B-0B0850B08393}"
EndProject
Project("{8BC9CEB8-8B4A-11D0-8D11-00A0C91BC942}") = "question2-characterscan", "question2-characterscan\question2-characterscan.vcxproj", "{29B59631-1D7E-466F-814A-42E8A60AF992}"
EndProject
Project("{8BC9CEB8-8B4A-11D0-8D11-00A0C91BC942}") = "question7-minmaxofintegers", "question7-minmaxofintegers\question7-minmaxofintegers.vcxproj", "{FED5F6E6-FD3C-4674-B385-26E831DB21EE}"
EndProject
Project("{8BC9CEB8-8B4A-11D0-8D11-00A0C91BC942}") = "question9-pyramid", "question9-pyramid\question9-pyramid.vcxproj", "{FF6EEE0C-64DC-483A-BB37-880CAB99174E}"
EndProject
Project("{8BC9CEB8-8B4A-11D0-8D11-00A0C91BC942}") = "question10-sumofdigits", "question10-sumofdigits\question10-sumofdigits.vcxproj", "{BE213545-DF45-4E7E-B354-B3AB2DADF01D}"
EndProject
Project("{8BC9CEB8-8B4A-11D0-8D11-00A0C91BC942}") = "question11-calc_interest", "question11-calc_interest\question11-calc_interest.vcxproj", "{C69B99B7-E37B-4101-955B-B40E259E6D40}"
EndProject
Project("{8BC9CEB8-8B4A-11D0-8D11-00A0C91BC942}") = "question13-invertponwards", "question13-invertponwards\question13-invertponwards.vcxproj", "{7693080C-11F4-40E8-9F54-9886691C48C7}"
EndProject
Project("{8BC9CEB8-8B4A-11D0-8D11-00A0C91BC942}") = "question14-itob_and_itoh", "question14-itob_and_itoh\question14-itob_and_itoh.vcxproj", "{779BAF2E-2980-4E49-A5DD-7CCFE415E7AB}"
EndProject
Global
	GlobalSection(SolutionConfigurationPlatforms) = preSolution
		Debug|x64 = Debug|x64
		Debug|x86 = Debug|x86
		Release|x64 = Release|x64
		Release|x86 = Release|x86
	EndGlobalSection
	GlobalSection(ProjectConfigurationPlatforms) = postSolution
		{2C208FEA-36A2-45BE-99EF-0387B57A6C4E}.Debug|x64.ActiveCfg = Debug|x64
		{2C208FEA-36A2-45BE-99EF-0387B57A6C4E}.Debug|x64.Build.0 = Debug|x64
		{2C208FEA-36A2-45BE-99EF-0387B57A6C4E}.Debug|x86.ActiveCfg = Debug|Win32
		{2C208FEA-36A2-45BE-99EF-0387B57A6C4E}.Debug|x86.Build.0 = Debug|Win32
		{2C208FEA-36A2-45BE-99EF-0387B57A6C4E}.Release|x64.ActiveCfg = Release|x64
		{2C208FEA-36A2-45BE-99EF-0387B57A6C4E}.Release|x64.Build.0 = Release|x64
		{2C208FEA-36A2-45BE-99EF-0387B57A6C4E}.Release|x86.ActiveCfg = Release|Win32
		{2C208FEA-36A2-45BE-99EF-0387B57A6C4E}.Release|x86.Build.0 = Release|Win32
		{3EEA4F94-ECE4-4467-BC4B-16FE32DE5B55}.Debug|x64.ActiveCfg = Debug|x64
		{3EEA4F94-ECE4-4467-BC4B-16FE32DE5B55}.Debug|x64.Build.0 = Debug|x64
		{3EEA4F94-ECE4-4467-BC4B-16FE32DE5B55}.Debug|x86.ActiveCfg = Debug|Win32
		{3EEA4F94-ECE4-4467-BC4B-16FE32DE5B55}.Debug|x86.Build.0 = Debug|Win32
		{3EEA4F94-ECE4-4467-BC4B-16FE32DE5B55}.Release|x64.ActiveCfg = Release|x64
		{3EEA4F94-ECE4-4467-BC4B-16FE32DE5B55}.Release|x64.Build.0 = Release|x64
		{3EEA4F94-ECE4-4467-BC4B-16FE32DE5B55}.Release|x86.ActiveCfg = Release|Win32
		{3EEA4F94-ECE4-4467-BC4B-16FE32DE5B55}.Release|x86.Build.0 = Release|Win32
		{410D1A28-66FA-480B-8901-69C7CFE7AC83}.Debug|x64.ActiveCfg = Debug|x64
		{410D1A28-66FA-480B-8901-69C7CFE7AC83}.Debug|x64.Build.0 = Debug|x64
		{410D1A28-66FA-480B-8901-69C7CFE7AC83}.Debug|x86.ActiveCfg = Debug|Win32
		{410D1A28-66FA-480B-8901-69C7CFE7AC83}.Debug|x86.Build.0 = Debug|Win32
		{410D1A28-66FA-480B-8901-69C7CFE7AC83}.Release|x64.ActiveCfg = Release|x64
		{410D1A28-66FA-480B-8901-69C7CFE7AC83}.Release|x64.Build.0 = Release|x64
		{410D1A28-66FA-480B-8901-69C7CFE7AC83}.Release|x86.ActiveCfg = Release|Win32
		{410D1A28-66FA-480B-8901-69C7CFE7AC83}.Release|x86.Build.0 = Release|Win32
		{D631CFD2-DDCE-4448-BEBD-08B641B9ECDF}.Debug|x64.ActiveCfg = Debug|x64
		{D631CFD2-DDCE-4448-BEBD-08B641B9ECDF}.Debug|x64.Build.0 = Debug|x64
		{D631CFD2-DDCE-4448-BEBD-08B641B9ECDF}.Debug|x86.ActiveCfg = Debug|Win32
		{D631CFD2-DDCE-4448-BEBD-08B641B9ECDF}.Debug|x86.Build.0 = Debug|Win32
		{D631CFD2-DDCE-4448-BEBD-08B641B9ECDF}.Release|x64.ActiveCfg = Release|x64
		{D631CFD2-DDCE-4448-BEBD-08B641B9ECDF}.Release|x64.Build.0 = Release|x64
		{D631CFD2-DDCE-4448-BEBD-08B641B9ECDF}.Release|x86.ActiveCfg = Release|Win32
		{D631CFD2-DDCE-4448-BEBD-08B641B9ECDF}.Release|x86.Build.0 = Release|Win32
		{3BE07B2C-1838-4E31-B23F-F7220C6AEF82}.Debug|x64.ActiveCfg = Debug|x64
		{3BE07B2C-1838-4E31-B23F-F7220C6AEF82}.Debug|x64.Build.0 = Debug|x64
		{3BE07B2C-1838-4E31-B23F-F7220C6AEF82}.Debug|x86.ActiveCfg = Debug|Win32
		{3BE07B2C-1838-4E31-B23F-F7220C6AEF82}.Debug|x86.Build.0 = Debug|Win32
		{3BE07B2C-1838-4E31-B23F-F7220C6AEF82}.Release|x64.ActiveCfg = Release|x64
		{3BE07B2C-1838-4E31-B23F-F7220C6AEF82}.Release|x64.Build.0 = Release|x64
		{3BE07B2C-1838-4E31-B23F-F7220C6AEF82}.Release|x86.ActiveCfg = Release|Win32
		{3BE07B2C-1838-4E31-B23F-F7220C6AEF82}.Release|x86.Build.0 = Release|Win32
		{912ED388-31C4-4A56-BF87-F885E4FDBE71}.Debug|x64.ActiveCfg = Debug|x64
		{912ED388-31C4-4A56-BF87-F885E4FDBE71}.Debug|x64.Build.0 = Debug|x64
		{912ED388-31C4-4A56-BF87-F885E4FDBE71}.Debug|x86.ActiveCfg = Debug|Win32
		{912ED388-31C4-4A56-BF87-F885E4FDBE71}.Debug|x86.Build.0 = Debug|Win32
		{912ED388-31C4-4A56-BF87-F885E4FDBE71}.Release|x64.ActiveCfg = Release|x64
		{912ED388-31C4-4A56-BF87-F885E4FDBE71}.Release|x64.Build.0 = Release|x64
		{912ED388-31C4-4A56-BF87-F885E4FDBE71}.Release|x86.ActiveCfg = Release|Win32
		{912ED388-31C4-4A56-BF87-F885E4FDBE71}.Release|x86.Build.0 = Release|Win32
		{E7DA62D9-DC5B-4BEF-BB4B-0B0850B08393}.Debug|x64.ActiveCfg = Debug|x64
		{E7DA62D9-DC5B-4BEF-BB4B-0B0850B08393}.Debug|x64.Build.0 = Debug|x64
		{E7DA62D9-DC5B-4BEF-BB4B-0B0850B08393}.Debug|x86.ActiveCfg = Debug|Win32
		{E7DA62D9-DC5B-4BEF-BB4B-0B0850B08393}.Debug|x86.Build.0 = Debug|Win32
		{E7DA62D9-DC5B-4BEF-BB4B-0B0850B08393}.Release|x64.ActiveCfg = Release|x64
		{E7DA62D9-DC5B-4BEF-BB4B-0B0850B08393}.Release|x64.Build.0 = Release|x64
		{E7DA62D9-DC5B-4BEF-BB4B-0B0850B08393}.Release|x86.ActiveCfg = Release|Win32
		{E7DA62D9-DC5B-4BEF-BB4B-0B0850B08393}.Release|x86.Build.0 = Release|Win32
		{29B59631-1D7E-466F-814A-42E8A60AF992}.Debug|x64.ActiveCfg = Debug|x64
		{29B59631-1D7E-466F-814A-42E8A60AF992}.Debug|x64.Build.0 = Debug|x64
		{29B59631-1D7E-466F-814A-42E8A60AF992}.Debug|x86.ActiveCfg = Debug|Win32
		{29B59631-1D7E-466F-814A-42E8A60AF992}.Debug|x86.Build.0 = Debug|Win32
		{29B59631-1D7E-466F-814A-42E8A60AF992}.Release|x64.ActiveCfg = Release|x64
		{29B59631-1D7E-466F-814A-42E8A60AF992}.Release|x64.Build.0 = Release|x64
		{29B59631-1D7E-466F-814A-42E8A60AF992}.Release|x86.ActiveCfg = Release|Win32
		{29B59631-1D7E-466F-814A-42E8A60AF992}.Release|x86.Build.0 = Release|Win32
		{FED5F6E6-FD3C-4674-B385-26E831DB21EE}.Debug|x64.ActiveCfg = Debug|x64
		{FED5F6E6-FD3C-4674-B385-26E831DB21EE}.Debug|x64.Build.0 = Debug|x64
		{FED5F6E6-FD3C-4674-B385-26E831DB21EE}.Debug|x86.ActiveCfg = Debug|Win32
		{FED5F6E6-FD3C-4674-B385-26E831DB21EE}.Debug|x86.Build.0 = Debug|Win32
		{FED5F6E6-FD3C-4674-B385-26E831DB21EE}.Release|x64.ActiveCfg = Release|x64
		{FED5F6E6-FD3C-4674-B385-26E831DB21EE}.Release|x64.Build.0 = Release|x64
		{FED5F6E6-FD3C-4674-B385-26E831DB21EE}.Release|x86.ActiveCfg = Release|Win32
		{FED5F6E6-FD3C-4674-B385-26E831DB21EE}.Release|x86.Build.0 = Release|Win32
		{FF6EEE0C-64DC-483A-BB37-880CAB99174E}.Debug|x64.ActiveCfg = Debug|x64
		{FF6EEE0C-64DC-483A-BB37-880CAB99174E}.Debug|x64.Build.0 = Debug|x64
		{FF6EEE0C-64DC-483A-BB37-880CAB99174E}.Debug|x86.ActiveCfg = Debug|Win32
		{FF6EEE0C-64DC-483A-BB37-880CAB99174E}.Debug|x86.Build.0 = Debug|Win32
		{FF6EEE0C-64DC-483A-BB37-880CAB99174E}.Release|x64.ActiveCfg = Release|x64
		{FF6EEE0C-64DC-483A-BB37-880CAB99174E}.Release|x64.Build.0 = Release|x64
		{FF6EEE0C-64DC-483A-BB37-880CAB99174E}.Release|x86.ActiveCfg = Release|Win32
		{FF6EEE0C-64DC-483A-BB37-880CAB99174E}.Release|x86.Build.0 = Release|Win32
		{BE213545-DF45-4E7E-B354-B3AB2DADF01D}.Debug|x64.ActiveCfg = Debug|x64
		{BE213545-DF45-4E7E-B354-B3AB2DADF01D}.Debug|x64.Build.0 = Debug|x64
		{BE213545-DF45-4E7E-B354-B3AB2DADF01D}.Debug|x86.ActiveCfg = Debug|Win32
		{BE213545-DF45-4E7E-B354-B3AB2DADF01D}.Debug|x86.Build.0 = Debug|Win32
		{BE213545-DF45-4E7E-B354-B3AB2DADF01D}.Release|x64.ActiveCfg = Release|x64
		{BE213545-DF45-4E7E-B354-B3AB2DADF01D}.Release|x64.Build.0 = Release|x64
		{BE213545-DF45-4E7E-B354-B3AB2DADF01D}.Release|x86.ActiveCfg = Release|Win32
		{BE213545-DF45-4E7E-B354-B3AB2DADF01D}.Release|x86.Build.0 = Release|Win32
		{C69B99B7-E37B-4101-955B-B40E259E6D40}.Debug|x64.ActiveCfg = Debug|x64
		{C69B99B7-E37B-4101-955B-B40E259E6D40}.Debug|x64.Build.0 = Debug|x64
		{C69B99B7-E37B-4101-955B-B40E259E6D40}.Debug|x86.ActiveCfg = Debug|Win32
		{C69B99B7-E37B-4101-955B-B40E259E6D40}.Debug|x86.Build.0 = Debug|Win32
		{C69B99B7-E37B-4101-955B-B40E259E6D40}.Release|x64.ActiveCfg = Release|x64
		{C69B99B7-E37B-4101-955B-B40E259E6D40}.Release|x64.Build.0 = Release|x64
		{C69B99B7-E37B-4101-955B-B40E259E6D40}.Release|x86.ActiveCfg = Release|Win32
		{C69B99B7-E37B-4101-955B-B40E259E6D40}.Release|x86.Build.0 = Release|Win32
		{7693080C-11F4-40E8-9F54-9886691C48C7}.Debug|x64.ActiveCfg = Debug|x64
		{7693080C-11F4-40E8-9F54-9886691C48C7}.Debug|x64.Build.0 = Debug|x64
		{7693080C-11F4-40E8-9F54-9886691C48C7}.Debug|x86.ActiveCfg = Debug|Win32
		{7693080C-11F4-40E8-9F54-9886691C48C7}.Debug|x86.Build.0 = Debug|Win32
		{7693080C-11F4-40E8-9F54-9886691C48C7}.Release|x64.ActiveCfg = Release|x64
		{7693080C-11F4-40E8-9F54-9886691C48C7}.Release|x64.Build.0 = Release|x64
		{7693080C-11F4-40E8-9F54-9886691C48C7}.Release|x86.ActiveCfg = Release|Win32
		{7693080C-11F4-40E8-9F54-9886691C48C7}.Release|x86.Build.0 = Release|Win32
		{779BAF2E-2980-4E49-A5DD-7CCFE415E7AB}.Debug|x64.ActiveCfg = Debug|x64
		{779BAF2E-2980-4E49-A5DD-7CCFE415E7AB}.Debug|x64.Build.0 = Debug|x64
		{779BAF2E-2980-4E49-A5DD-7CCFE415E7AB}.Debug|x86.ActiveCfg = Debug|Win32
		{779BAF2E-2980-4E49-A5DD-7CCFE415E7AB}.Debug|x86.Build.0 = Debug|Win32
		{779BAF2E-2980-4E49-A5DD-7CCFE415E7AB}.Release|x64.ActiveCfg = Release|x64
		{779BAF2E-2980-4E49-A5DD-7CCFE415E7AB}.Release|x64.Build.0 = Release|x64
		{779BAF2E-2980-4E49-A5DD-7CCFE415E7AB}.Release|x86.ActiveCfg = Release|Win32
		{779BAF2E-2980-4E49-A5DD-7CCFE415E7AB}.Release|x86.Build.0 = Release|Win32
	EndGlobalSection
	GlobalSection(SolutionProperties) = preSolution
		HideSolutionNode = FALSE
	EndGlobalSection
	GlobalSection(ExtensibilityGlobals) = postSolution
		SolutionGuid = {703E6B7F-A437-4CFC-875C-A0F89439C846}
	EndGlobalSection
EndGlobal
