
Microsoft Visual Studio Solution File, Format Version 12.00
# Visual Studio 14
VisualStudioVersion = 14.0.25420.1
MinimumVisualStudioVersion = 10.0.40219.1
Project("{8BC9CEB8-8B4A-11D0-8D11-00A0C91BC942}") = "question1", "question1\question1.vcxproj", "{BC0DA7C3-D2E0-4FE2-AE59-B207145D93FB}"
EndProject
Project("{8BC9CEB8-8B4A-11D0-8D11-00A0C91BC942}") = "filehandle1-creation", "filehandle1-creation\filehandle1-creation.vcxproj", "{E75100A9-3F23-49D2-80DC-DD51F6E21F4F}"
EndProject
Project("{8BC9CEB8-8B4A-11D0-8D11-00A0C91BC942}") = "filehandle2-write", "filehandle2-write\filehandle2-write.vcxproj", "{C115FCBA-CEC4-4488-AB25-2CDF5E711077}"
EndProject
Project("{8BC9CEB8-8B4A-11D0-8D11-00A0C91BC942}") = "question6-create_process", "question6-create_process.c\question6-create_process.c.vcxproj", "{3D5FD991-55B4-46FF-B371-405D9DE41C99}"
EndProject
Project("{8BC9CEB8-8B4A-11D0-8D11-00A0C91BC942}") = "question7-eventobje", "question7-eventobje\question7-eventobje.vcxproj", "{10FC571B-E1D0-4AD8-88AF-4C56CDEC285D}"
EndProject
Project("{8BC9CEB8-8B4A-11D0-8D11-00A0C91BC942}") = "question8-consoleapp", "question8-consoleapp\question8-consoleapp.vcxproj", "{4B6DAE35-4F6D-4EBE-B306-12F7F21C5039}"
EndProject
Project("{8BC9CEB8-8B4A-11D0-8D11-00A0C91BC942}") = "question8-readfile", "question8-readfile\question8-readfile.vcxproj", "{89D68956-90F2-4E5E-8997-1BE82DA7CE74}"
EndProject
Project("{8BC9CEB8-8B4A-11D0-8D11-00A0C91BC942}") = "question12-thread", "question12-thread\question12-thread.vcxproj", "{1CB0B787-0607-4B02-9C44-36CA8E2E5FE1}"
EndProject
Project("{8BC9CEB8-8B4A-11D0-8D11-00A0C91BC942}") = "question13-suspendthread", "question13-suspendthread\question13-suspendthread.vcxproj", "{D2C0714B-080B-4C67-8237-1B5B9796A066}"
EndProject
Project("{8BC9CEB8-8B4A-11D0-8D11-00A0C91BC942}") = "question14-exit_thread", "question14-exit_thread\question14-exit_thread.vcxproj", "{FAA77C7A-3C42-4108-87DF-105CA68391A9}"
EndProject
Project("{8BC9CEB8-8B4A-11D0-8D11-00A0C91BC942}") = "question15-terminate_thread", "question15-terminate_thread\question15-terminate_thread.vcxproj", "{629F3067-4B05-49E9-9DD4-DB5214113F25}"
EndProject
Project("{8BC9CEB8-8B4A-11D0-8D11-00A0C91BC942}") = "question16-process_priority", "question16-process_priority\question16-process_priority.vcxproj", "{B412D088-537D-4050-AC84-6DDBAC4D20CE}"
EndProject
Project("{8BC9CEB8-8B4A-11D0-8D11-00A0C91BC942}") = "question16-priority2", "question16-priority2\question16-priority2.vcxproj", "{1A254A7D-5EB3-4A10-9022-2EDAB3502267}"
EndProject
Project("{8BC9CEB8-8B4A-11D0-8D11-00A0C91BC942}") = "question17-shared_bw_threads", "question17-shared_bw_threads\question17-shared_bw_threads.vcxproj", "{549A5AEA-1A61-41DB-927E-D104A6F110DD}"
EndProject
Project("{8BC9CEB8-8B4A-11D0-8D11-00A0C91BC942}") = "question18-interlocked_thread", "question18-interlocked_thread\question18-interlocked_thread.vcxproj", "{75079EC8-CFCB-4126-B5CB-5AC57352D0B0}"
EndProject
Project("{8BC9CEB8-8B4A-11D0-8D11-00A0C91BC942}") = "question24-wait1", "question24-wait1\question24-wait1.vcxproj", "{E03918C4-F9E2-40B2-A6B2-EF0F7CB4718C}"
EndProject
Project("{8BC9CEB8-8B4A-11D0-8D11-00A0C91BC942}") = "question25-bwait", "question25-bwait\question25-bwait.vcxproj", "{983FFC36-0808-4C37-8C53-0D7543EDFD12}"
EndProject
Project("{8BC9CEB8-8B4A-11D0-8D11-00A0C91BC942}") = "question26-manuakl_reset_event", "question26-manuakl_reset_event\question26-manuakl_reset_event.vcxproj", "{14354ADF-46D5-4B7D-87F0-5F809B6D7121}"
EndProject
Global
	GlobalSection(SolutionConfigurationPlatforms) = preSolution
		Debug|x64 = Debug|x64
		Debug|x86 = Debug|x86
		Release|x64 = Release|x64
		Release|x86 = Release|x86
	EndGlobalSection
	GlobalSection(ProjectConfigurationPlatforms) = postSolution
		{BC0DA7C3-D2E0-4FE2-AE59-B207145D93FB}.Debug|x64.ActiveCfg = Debug|x64
		{BC0DA7C3-D2E0-4FE2-AE59-B207145D93FB}.Debug|x64.Build.0 = Debug|x64
		{BC0DA7C3-D2E0-4FE2-AE59-B207145D93FB}.Debug|x86.ActiveCfg = Debug|Win32
		{BC0DA7C3-D2E0-4FE2-AE59-B207145D93FB}.Debug|x86.Build.0 = Debug|Win32
		{BC0DA7C3-D2E0-4FE2-AE59-B207145D93FB}.Release|x64.ActiveCfg = Release|x64
		{BC0DA7C3-D2E0-4FE2-AE59-B207145D93FB}.Release|x64.Build.0 = Release|x64
		{BC0DA7C3-D2E0-4FE2-AE59-B207145D93FB}.Release|x86.ActiveCfg = Release|Win32
		{BC0DA7C3-D2E0-4FE2-AE59-B207145D93FB}.Release|x86.Build.0 = Release|Win32
		{E75100A9-3F23-49D2-80DC-DD51F6E21F4F}.Debug|x64.ActiveCfg = Debug|x64
		{E75100A9-3F23-49D2-80DC-DD51F6E21F4F}.Debug|x64.Build.0 = Debug|x64
		{E75100A9-3F23-49D2-80DC-DD51F6E21F4F}.Debug|x86.ActiveCfg = Debug|Win32
		{E75100A9-3F23-49D2-80DC-DD51F6E21F4F}.Debug|x86.Build.0 = Debug|Win32
		{E75100A9-3F23-49D2-80DC-DD51F6E21F4F}.Release|x64.ActiveCfg = Release|x64
		{E75100A9-3F23-49D2-80DC-DD51F6E21F4F}.Release|x64.Build.0 = Release|x64
		{E75100A9-3F23-49D2-80DC-DD51F6E21F4F}.Release|x86.ActiveCfg = Release|Win32
		{E75100A9-3F23-49D2-80DC-DD51F6E21F4F}.Release|x86.Build.0 = Release|Win32
		{C115FCBA-CEC4-4488-AB25-2CDF5E711077}.Debug|x64.ActiveCfg = Debug|x64
		{C115FCBA-CEC4-4488-AB25-2CDF5E711077}.Debug|x64.Build.0 = Debug|x64
		{C115FCBA-CEC4-4488-AB25-2CDF5E711077}.Debug|x86.ActiveCfg = Debug|Win32
		{C115FCBA-CEC4-4488-AB25-2CDF5E711077}.Debug|x86.Build.0 = Debug|Win32
		{C115FCBA-CEC4-4488-AB25-2CDF5E711077}.Release|x64.ActiveCfg = Release|x64
		{C115FCBA-CEC4-4488-AB25-2CDF5E711077}.Release|x64.Build.0 = Release|x64
		{C115FCBA-CEC4-4488-AB25-2CDF5E711077}.Release|x86.ActiveCfg = Release|Win32
		{C115FCBA-CEC4-4488-AB25-2CDF5E711077}.Release|x86.Build.0 = Release|Win32
		{3D5FD991-55B4-46FF-B371-405D9DE41C99}.Debug|x64.ActiveCfg = Debug|x64
		{3D5FD991-55B4-46FF-B371-405D9DE41C99}.Debug|x64.Build.0 = Debug|x64
		{3D5FD991-55B4-46FF-B371-405D9DE41C99}.Debug|x86.ActiveCfg = Debug|Win32
		{3D5FD991-55B4-46FF-B371-405D9DE41C99}.Debug|x86.Build.0 = Debug|Win32
		{3D5FD991-55B4-46FF-B371-405D9DE41C99}.Release|x64.ActiveCfg = Release|x64
		{3D5FD991-55B4-46FF-B371-405D9DE41C99}.Release|x64.Build.0 = Release|x64
		{3D5FD991-55B4-46FF-B371-405D9DE41C99}.Release|x86.ActiveCfg = Release|Win32
		{3D5FD991-55B4-46FF-B371-405D9DE41C99}.Release|x86.Build.0 = Release|Win32
		{10FC571B-E1D0-4AD8-88AF-4C56CDEC285D}.Debug|x64.ActiveCfg = Debug|x64
		{10FC571B-E1D0-4AD8-88AF-4C56CDEC285D}.Debug|x64.Build.0 = Debug|x64
		{10FC571B-E1D0-4AD8-88AF-4C56CDEC285D}.Debug|x86.ActiveCfg = Debug|Win32
		{10FC571B-E1D0-4AD8-88AF-4C56CDEC285D}.Debug|x86.Build.0 = Debug|Win32
		{10FC571B-E1D0-4AD8-88AF-4C56CDEC285D}.Release|x64.ActiveCfg = Release|x64
		{10FC571B-E1D0-4AD8-88AF-4C56CDEC285D}.Release|x64.Build.0 = Release|x64
		{10FC571B-E1D0-4AD8-88AF-4C56CDEC285D}.Release|x86.ActiveCfg = Release|Win32
		{10FC571B-E1D0-4AD8-88AF-4C56CDEC285D}.Release|x86.Build.0 = Release|Win32
		{4B6DAE35-4F6D-4EBE-B306-12F7F21C5039}.Debug|x64.ActiveCfg = Debug|x64
		{4B6DAE35-4F6D-4EBE-B306-12F7F21C5039}.Debug|x64.Build.0 = Debug|x64
		{4B6DAE35-4F6D-4EBE-B306-12F7F21C5039}.Debug|x86.ActiveCfg = Debug|Win32
		{4B6DAE35-4F6D-4EBE-B306-12F7F21C5039}.Debug|x86.Build.0 = Debug|Win32
		{4B6DAE35-4F6D-4EBE-B306-12F7F21C5039}.Release|x64.ActiveCfg = Release|x64
		{4B6DAE35-4F6D-4EBE-B306-12F7F21C5039}.Release|x64.Build.0 = Release|x64
		{4B6DAE35-4F6D-4EBE-B306-12F7F21C5039}.Release|x86.ActiveCfg = Release|Win32
		{4B6DAE35-4F6D-4EBE-B306-12F7F21C5039}.Release|x86.Build.0 = Release|Win32
		{89D68956-90F2-4E5E-8997-1BE82DA7CE74}.Debug|x64.ActiveCfg = Debug|x64
		{89D68956-90F2-4E5E-8997-1BE82DA7CE74}.Debug|x64.Build.0 = Debug|x64
		{89D68956-90F2-4E5E-8997-1BE82DA7CE74}.Debug|x86.ActiveCfg = Debug|Win32
		{89D68956-90F2-4E5E-8997-1BE82DA7CE74}.Debug|x86.Build.0 = Debug|Win32
		{89D68956-90F2-4E5E-8997-1BE82DA7CE74}.Release|x64.ActiveCfg = Release|x64
		{89D68956-90F2-4E5E-8997-1BE82DA7CE74}.Release|x64.Build.0 = Release|x64
		{89D68956-90F2-4E5E-8997-1BE82DA7CE74}.Release|x86.ActiveCfg = Release|Win32
		{89D68956-90F2-4E5E-8997-1BE82DA7CE74}.Release|x86.Build.0 = Release|Win32
		{1CB0B787-0607-4B02-9C44-36CA8E2E5FE1}.Debug|x64.ActiveCfg = Debug|x64
		{1CB0B787-0607-4B02-9C44-36CA8E2E5FE1}.Debug|x64.Build.0 = Debug|x64
		{1CB0B787-0607-4B02-9C44-36CA8E2E5FE1}.Debug|x86.ActiveCfg = Debug|Win32
		{1CB0B787-0607-4B02-9C44-36CA8E2E5FE1}.Debug|x86.Build.0 = Debug|Win32
		{1CB0B787-0607-4B02-9C44-36CA8E2E5FE1}.Release|x64.ActiveCfg = Release|x64
		{1CB0B787-0607-4B02-9C44-36CA8E2E5FE1}.Release|x64.Build.0 = Release|x64
		{1CB0B787-0607-4B02-9C44-36CA8E2E5FE1}.Release|x86.ActiveCfg = Release|Win32
		{1CB0B787-0607-4B02-9C44-36CA8E2E5FE1}.Release|x86.Build.0 = Release|Win32
		{D2C0714B-080B-4C67-8237-1B5B9796A066}.Debug|x64.ActiveCfg = Debug|x64
		{D2C0714B-080B-4C67-8237-1B5B9796A066}.Debug|x64.Build.0 = Debug|x64
		{D2C0714B-080B-4C67-8237-1B5B9796A066}.Debug|x86.ActiveCfg = Debug|Win32
		{D2C0714B-080B-4C67-8237-1B5B9796A066}.Debug|x86.Build.0 = Debug|Win32
		{D2C0714B-080B-4C67-8237-1B5B9796A066}.Release|x64.ActiveCfg = Release|x64
		{D2C0714B-080B-4C67-8237-1B5B9796A066}.Release|x64.Build.0 = Release|x64
		{D2C0714B-080B-4C67-8237-1B5B9796A066}.Release|x86.ActiveCfg = Release|Win32
		{D2C0714B-080B-4C67-8237-1B5B9796A066}.Release|x86.Build.0 = Release|Win32
		{FAA77C7A-3C42-4108-87DF-105CA68391A9}.Debug|x64.ActiveCfg = Debug|x64
		{FAA77C7A-3C42-4108-87DF-105CA68391A9}.Debug|x64.Build.0 = Debug|x64
		{FAA77C7A-3C42-4108-87DF-105CA68391A9}.Debug|x86.ActiveCfg = Debug|Win32
		{FAA77C7A-3C42-4108-87DF-105CA68391A9}.Debug|x86.Build.0 = Debug|Win32
		{FAA77C7A-3C42-4108-87DF-105CA68391A9}.Release|x64.ActiveCfg = Release|x64
		{FAA77C7A-3C42-4108-87DF-105CA68391A9}.Release|x64.Build.0 = Release|x64
		{FAA77C7A-3C42-4108-87DF-105CA68391A9}.Release|x86.ActiveCfg = Release|Win32
		{FAA77C7A-3C42-4108-87DF-105CA68391A9}.Release|x86.Build.0 = Release|Win32
		{629F3067-4B05-49E9-9DD4-DB5214113F25}.Debug|x64.ActiveCfg = Debug|x64
		{629F3067-4B05-49E9-9DD4-DB5214113F25}.Debug|x64.Build.0 = Debug|x64
		{629F3067-4B05-49E9-9DD4-DB5214113F25}.Debug|x86.ActiveCfg = Debug|Win32
		{629F3067-4B05-49E9-9DD4-DB5214113F25}.Debug|x86.Build.0 = Debug|Win32
		{629F3067-4B05-49E9-9DD4-DB5214113F25}.Release|x64.ActiveCfg = Release|x64
		{629F3067-4B05-49E9-9DD4-DB5214113F25}.Release|x64.Build.0 = Release|x64
		{629F3067-4B05-49E9-9DD4-DB5214113F25}.Release|x86.ActiveCfg = Release|Win32
		{629F3067-4B05-49E9-9DD4-DB5214113F25}.Release|x86.Build.0 = Release|Win32
		{B412D088-537D-4050-AC84-6DDBAC4D20CE}.Debug|x64.ActiveCfg = Debug|x64
		{B412D088-537D-4050-AC84-6DDBAC4D20CE}.Debug|x64.Build.0 = Debug|x64
		{B412D088-537D-4050-AC84-6DDBAC4D20CE}.Debug|x86.ActiveCfg = Debug|Win32
		{B412D088-537D-4050-AC84-6DDBAC4D20CE}.Debug|x86.Build.0 = Debug|Win32
		{B412D088-537D-4050-AC84-6DDBAC4D20CE}.Release|x64.ActiveCfg = Release|x64
		{B412D088-537D-4050-AC84-6DDBAC4D20CE}.Release|x64.Build.0 = Release|x64
		{B412D088-537D-4050-AC84-6DDBAC4D20CE}.Release|x86.ActiveCfg = Release|Win32
		{B412D088-537D-4050-AC84-6DDBAC4D20CE}.Release|x86.Build.0 = Release|Win32
		{1A254A7D-5EB3-4A10-9022-2EDAB3502267}.Debug|x64.ActiveCfg = Debug|x64
		{1A254A7D-5EB3-4A10-9022-2EDAB3502267}.Debug|x64.Build.0 = Debug|x64
		{1A254A7D-5EB3-4A10-9022-2EDAB3502267}.Debug|x86.ActiveCfg = Debug|Win32
		{1A254A7D-5EB3-4A10-9022-2EDAB3502267}.Debug|x86.Build.0 = Debug|Win32
		{1A254A7D-5EB3-4A10-9022-2EDAB3502267}.Release|x64.ActiveCfg = Release|x64
		{1A254A7D-5EB3-4A10-9022-2EDAB3502267}.Release|x64.Build.0 = Release|x64
		{1A254A7D-5EB3-4A10-9022-2EDAB3502267}.Release|x86.ActiveCfg = Release|Win32
		{1A254A7D-5EB3-4A10-9022-2EDAB3502267}.Release|x86.Build.0 = Release|Win32
		{549A5AEA-1A61-41DB-927E-D104A6F110DD}.Debug|x64.ActiveCfg = Debug|x64
		{549A5AEA-1A61-41DB-927E-D104A6F110DD}.Debug|x64.Build.0 = Debug|x64
		{549A5AEA-1A61-41DB-927E-D104A6F110DD}.Debug|x86.ActiveCfg = Debug|Win32
		{549A5AEA-1A61-41DB-927E-D104A6F110DD}.Debug|x86.Build.0 = Debug|Win32
		{549A5AEA-1A61-41DB-927E-D104A6F110DD}.Release|x64.ActiveCfg = Release|x64
		{549A5AEA-1A61-41DB-927E-D104A6F110DD}.Release|x64.Build.0 = Release|x64
		{549A5AEA-1A61-41DB-927E-D104A6F110DD}.Release|x86.ActiveCfg = Release|Win32
		{549A5AEA-1A61-41DB-927E-D104A6F110DD}.Release|x86.Build.0 = Release|Win32
		{75079EC8-CFCB-4126-B5CB-5AC57352D0B0}.Debug|x64.ActiveCfg = Debug|x64
		{75079EC8-CFCB-4126-B5CB-5AC57352D0B0}.Debug|x64.Build.0 = Debug|x64
		{75079EC8-CFCB-4126-B5CB-5AC57352D0B0}.Debug|x86.ActiveCfg = Debug|Win32
		{75079EC8-CFCB-4126-B5CB-5AC57352D0B0}.Debug|x86.Build.0 = Debug|Win32
		{75079EC8-CFCB-4126-B5CB-5AC57352D0B0}.Release|x64.ActiveCfg = Release|x64
		{75079EC8-CFCB-4126-B5CB-5AC57352D0B0}.Release|x64.Build.0 = Release|x64
		{75079EC8-CFCB-4126-B5CB-5AC57352D0B0}.Release|x86.ActiveCfg = Release|Win32
		{75079EC8-CFCB-4126-B5CB-5AC57352D0B0}.Release|x86.Build.0 = Release|Win32
		{E03918C4-F9E2-40B2-A6B2-EF0F7CB4718C}.Debug|x64.ActiveCfg = Debug|x64
		{E03918C4-F9E2-40B2-A6B2-EF0F7CB4718C}.Debug|x64.Build.0 = Debug|x64
		{E03918C4-F9E2-40B2-A6B2-EF0F7CB4718C}.Debug|x86.ActiveCfg = Debug|Win32
		{E03918C4-F9E2-40B2-A6B2-EF0F7CB4718C}.Debug|x86.Build.0 = Debug|Win32
		{E03918C4-F9E2-40B2-A6B2-EF0F7CB4718C}.Release|x64.ActiveCfg = Release|x64
		{E03918C4-F9E2-40B2-A6B2-EF0F7CB4718C}.Release|x64.Build.0 = Release|x64
		{E03918C4-F9E2-40B2-A6B2-EF0F7CB4718C}.Release|x86.ActiveCfg = Release|Win32
		{E03918C4-F9E2-40B2-A6B2-EF0F7CB4718C}.Release|x86.Build.0 = Release|Win32
		{983FFC36-0808-4C37-8C53-0D7543EDFD12}.Debug|x64.ActiveCfg = Debug|x64
		{983FFC36-0808-4C37-8C53-0D7543EDFD12}.Debug|x64.Build.0 = Debug|x64
		{983FFC36-0808-4C37-8C53-0D7543EDFD12}.Debug|x86.ActiveCfg = Debug|Win32
		{983FFC36-0808-4C37-8C53-0D7543EDFD12}.Debug|x86.Build.0 = Debug|Win32
		{983FFC36-0808-4C37-8C53-0D7543EDFD12}.Release|x64.ActiveCfg = Release|x64
		{983FFC36-0808-4C37-8C53-0D7543EDFD12}.Release|x64.Build.0 = Release|x64
		{983FFC36-0808-4C37-8C53-0D7543EDFD12}.Release|x86.ActiveCfg = Release|Win32
		{983FFC36-0808-4C37-8C53-0D7543EDFD12}.Release|x86.Build.0 = Release|Win32
		{14354ADF-46D5-4B7D-87F0-5F809B6D7121}.Debug|x64.ActiveCfg = Debug|x64
		{14354ADF-46D5-4B7D-87F0-5F809B6D7121}.Debug|x64.Build.0 = Debug|x64
		{14354ADF-46D5-4B7D-87F0-5F809B6D7121}.Debug|x86.ActiveCfg = Debug|Win32
		{14354ADF-46D5-4B7D-87F0-5F809B6D7121}.Debug|x86.Build.0 = Debug|Win32
		{14354ADF-46D5-4B7D-87F0-5F809B6D7121}.Release|x64.ActiveCfg = Release|x64
		{14354ADF-46D5-4B7D-87F0-5F809B6D7121}.Release|x64.Build.0 = Release|x64
		{14354ADF-46D5-4B7D-87F0-5F809B6D7121}.Release|x86.ActiveCfg = Release|Win32
		{14354ADF-46D5-4B7D-87F0-5F809B6D7121}.Release|x86.Build.0 = Release|Win32
	EndGlobalSection
	GlobalSection(SolutionProperties) = preSolution
		HideSolutionNode = FALSE
	EndGlobalSection
EndGlobal
