
Microsoft Visual Studio Solution File, Format Version 12.00
# Visual Studio 14
VisualStudioVersion = 14.0.25420.1
MinimumVisualStudioVersion = 10.0.40219.1
Project("{8BC9CEB8-8B4A-11D0-8D11-00A0C91BC942}") = "question1-time", "C++\C++.vcxproj", "{39A4F7D2-6510-43F5-BD6E-2D907E34D2C0}"
EndProject
Project("{8BC9CEB8-8B4A-11D0-8D11-00A0C91BC942}") = "question2-Studentgrade", "question2-Studentgrade\question2-Studentgrade.vcxproj", "{CCBBDF9C-6DFC-46F9-9FBA-95CB408CB695}"
EndProject
Project("{8BC9CEB8-8B4A-11D0-8D11-00A0C91BC942}") = "question3-Complex", "question3-Complex\question3-Complex.vcxproj", "{FE0AB7E0-9F0D-493F-ADD9-5DAA1175CCAE}"
EndProject
Project("{8BC9CEB8-8B4A-11D0-8D11-00A0C91BC942}") = "question9-swap", "question9-swap\question9-swap.vcxproj", "{327C4C4B-E445-4C0B-A2B8-08D294B95ED1}"
EndProject
Project("{8BC9CEB8-8B4A-11D0-8D11-00A0C91BC942}") = "question4-arith_inline", "question4-arith_inline\question4-arith_inline.vcxproj", "{9E5F83A4-5AEF-4E24-904C-5717C8D662E5}"
EndProject
Project("{8BC9CEB8-8B4A-11D0-8D11-00A0C91BC942}") = "question5-distance", "question5-distance\question5-distance.vcxproj", "{CE004DE9-07B5-4D02-926F-AF5DC1318FDE}"
EndProject
Project("{8BC9CEB8-8B4A-11D0-8D11-00A0C91BC942}") = "question6-cartesianpoint", "question6-cartesianpoint\question6-cartesianpoint.vcxproj", "{B607835E-04A0-40A8-9086-3DCA77B5B55D}"
EndProject
Project("{8BC9CEB8-8B4A-11D0-8D11-00A0C91BC942}") = "question7-matrix", "question7-matrix\question7-matrix.vcxproj", "{482D73AD-4BC3-4EA5-A5FE-6F7B567A3703}"
EndProject
Global
	GlobalSection(SolutionConfigurationPlatforms) = preSolution
		Debug|x64 = Debug|x64
		Debug|x86 = Debug|x86
		Release|x64 = Release|x64
		Release|x86 = Release|x86
	EndGlobalSection
	GlobalSection(ProjectConfigurationPlatforms) = postSolution
		{39A4F7D2-6510-43F5-BD6E-2D907E34D2C0}.Debug|x64.ActiveCfg = Debug|x64
		{39A4F7D2-6510-43F5-BD6E-2D907E34D2C0}.Debug|x64.Build.0 = Debug|x64
		{39A4F7D2-6510-43F5-BD6E-2D907E34D2C0}.Debug|x86.ActiveCfg = Debug|Win32
		{39A4F7D2-6510-43F5-BD6E-2D907E34D2C0}.Debug|x86.Build.0 = Debug|Win32
		{39A4F7D2-6510-43F5-BD6E-2D907E34D2C0}.Release|x64.ActiveCfg = Release|x64
		{39A4F7D2-6510-43F5-BD6E-2D907E34D2C0}.Release|x64.Build.0 = Release|x64
		{39A4F7D2-6510-43F5-BD6E-2D907E34D2C0}.Release|x86.ActiveCfg = Release|Win32
		{39A4F7D2-6510-43F5-BD6E-2D907E34D2C0}.Release|x86.Build.0 = Release|Win32
		{CCBBDF9C-6DFC-46F9-9FBA-95CB408CB695}.Debug|x64.ActiveCfg = Debug|x64
		{CCBBDF9C-6DFC-46F9-9FBA-95CB408CB695}.Debug|x64.Build.0 = Debug|x64
		{CCBBDF9C-6DFC-46F9-9FBA-95CB408CB695}.Debug|x86.ActiveCfg = Debug|Win32
		{CCBBDF9C-6DFC-46F9-9FBA-95CB408CB695}.Debug|x86.Build.0 = Debug|Win32
		{CCBBDF9C-6DFC-46F9-9FBA-95CB408CB695}.Release|x64.ActiveCfg = Release|x64
		{CCBBDF9C-6DFC-46F9-9FBA-95CB408CB695}.Release|x64.Build.0 = Release|x64
		{CCBBDF9C-6DFC-46F9-9FBA-95CB408CB695}.Release|x86.ActiveCfg = Release|Win32
		{CCBBDF9C-6DFC-46F9-9FBA-95CB408CB695}.Release|x86.Build.0 = Release|Win32
		{FE0AB7E0-9F0D-493F-ADD9-5DAA1175CCAE}.Debug|x64.ActiveCfg = Debug|x64
		{FE0AB7E0-9F0D-493F-ADD9-5DAA1175CCAE}.Debug|x64.Build.0 = Debug|x64
		{FE0AB7E0-9F0D-493F-ADD9-5DAA1175CCAE}.Debug|x86.ActiveCfg = Debug|Win32
		{FE0AB7E0-9F0D-493F-ADD9-5DAA1175CCAE}.Debug|x86.Build.0 = Debug|Win32
		{FE0AB7E0-9F0D-493F-ADD9-5DAA1175CCAE}.Release|x64.ActiveCfg = Release|x64
		{FE0AB7E0-9F0D-493F-ADD9-5DAA1175CCAE}.Release|x64.Build.0 = Release|x64
		{FE0AB7E0-9F0D-493F-ADD9-5DAA1175CCAE}.Release|x86.ActiveCfg = Release|Win32
		{FE0AB7E0-9F0D-493F-ADD9-5DAA1175CCAE}.Release|x86.Build.0 = Release|Win32
		{327C4C4B-E445-4C0B-A2B8-08D294B95ED1}.Debug|x64.ActiveCfg = Debug|x64
		{327C4C4B-E445-4C0B-A2B8-08D294B95ED1}.Debug|x64.Build.0 = Debug|x64
		{327C4C4B-E445-4C0B-A2B8-08D294B95ED1}.Debug|x86.ActiveCfg = Debug|Win32
		{327C4C4B-E445-4C0B-A2B8-08D294B95ED1}.Debug|x86.Build.0 = Debug|Win32
		{327C4C4B-E445-4C0B-A2B8-08D294B95ED1}.Release|x64.ActiveCfg = Release|x64
		{327C4C4B-E445-4C0B-A2B8-08D294B95ED1}.Release|x64.Build.0 = Release|x64
		{327C4C4B-E445-4C0B-A2B8-08D294B95ED1}.Release|x86.ActiveCfg = Release|Win32
		{327C4C4B-E445-4C0B-A2B8-08D294B95ED1}.Release|x86.Build.0 = Release|Win32
		{9E5F83A4-5AEF-4E24-904C-5717C8D662E5}.Debug|x64.ActiveCfg = Debug|x64
		{9E5F83A4-5AEF-4E24-904C-5717C8D662E5}.Debug|x64.Build.0 = Debug|x64
		{9E5F83A4-5AEF-4E24-904C-5717C8D662E5}.Debug|x86.ActiveCfg = Debug|Win32
		{9E5F83A4-5AEF-4E24-904C-5717C8D662E5}.Debug|x86.Build.0 = Debug|Win32
		{9E5F83A4-5AEF-4E24-904C-5717C8D662E5}.Release|x64.ActiveCfg = Release|x64
		{9E5F83A4-5AEF-4E24-904C-5717C8D662E5}.Release|x64.Build.0 = Release|x64
		{9E5F83A4-5AEF-4E24-904C-5717C8D662E5}.Release|x86.ActiveCfg = Release|Win32
		{9E5F83A4-5AEF-4E24-904C-5717C8D662E5}.Release|x86.Build.0 = Release|Win32
		{CE004DE9-07B5-4D02-926F-AF5DC1318FDE}.Debug|x64.ActiveCfg = Debug|x64
		{CE004DE9-07B5-4D02-926F-AF5DC1318FDE}.Debug|x64.Build.0 = Debug|x64
		{CE004DE9-07B5-4D02-926F-AF5DC1318FDE}.Debug|x86.ActiveCfg = Debug|Win32
		{CE004DE9-07B5-4D02-926F-AF5DC1318FDE}.Debug|x86.Build.0 = Debug|Win32
		{CE004DE9-07B5-4D02-926F-AF5DC1318FDE}.Release|x64.ActiveCfg = Release|x64
		{CE004DE9-07B5-4D02-926F-AF5DC1318FDE}.Release|x64.Build.0 = Release|x64
		{CE004DE9-07B5-4D02-926F-AF5DC1318FDE}.Release|x86.ActiveCfg = Release|Win32
		{CE004DE9-07B5-4D02-926F-AF5DC1318FDE}.Release|x86.Build.0 = Release|Win32
		{B607835E-04A0-40A8-9086-3DCA77B5B55D}.Debug|x64.ActiveCfg = Debug|x64
		{B607835E-04A0-40A8-9086-3DCA77B5B55D}.Debug|x64.Build.0 = Debug|x64
		{B607835E-04A0-40A8-9086-3DCA77B5B55D}.Debug|x86.ActiveCfg = Debug|Win32
		{B607835E-04A0-40A8-9086-3DCA77B5B55D}.Debug|x86.Build.0 = Debug|Win32
		{B607835E-04A0-40A8-9086-3DCA77B5B55D}.Release|x64.ActiveCfg = Release|x64
		{B607835E-04A0-40A8-9086-3DCA77B5B55D}.Release|x64.Build.0 = Release|x64
		{B607835E-04A0-40A8-9086-3DCA77B5B55D}.Release|x86.ActiveCfg = Release|Win32
		{B607835E-04A0-40A8-9086-3DCA77B5B55D}.Release|x86.Build.0 = Release|Win32
		{482D73AD-4BC3-4EA5-A5FE-6F7B567A3703}.Debug|x64.ActiveCfg = Debug|x64
		{482D73AD-4BC3-4EA5-A5FE-6F7B567A3703}.Debug|x64.Build.0 = Debug|x64
		{482D73AD-4BC3-4EA5-A5FE-6F7B567A3703}.Debug|x86.ActiveCfg = Debug|Win32
		{482D73AD-4BC3-4EA5-A5FE-6F7B567A3703}.Debug|x86.Build.0 = Debug|Win32
		{482D73AD-4BC3-4EA5-A5FE-6F7B567A3703}.Release|x64.ActiveCfg = Release|x64
		{482D73AD-4BC3-4EA5-A5FE-6F7B567A3703}.Release|x64.Build.0 = Release|x64
		{482D73AD-4BC3-4EA5-A5FE-6F7B567A3703}.Release|x86.ActiveCfg = Release|Win32
		{482D73AD-4BC3-4EA5-A5FE-6F7B567A3703}.Release|x86.Build.0 = Release|Win32
	EndGlobalSection
	GlobalSection(SolutionProperties) = preSolution
		HideSolutionNode = FALSE
	EndGlobalSection
EndGlobal
