
Microsoft Visual Studio Solution File, Format Version 12.00
# Visual Studio 14
VisualStudioVersion = 14.0.25420.1
MinimumVisualStudioVersion = 10.0.40219.1
Project("{8BC9CEB8-8B4A-11D0-8D11-00A0C91BC942}") = "stack-arrays", "stack-arrays\stack-arrays.vcxproj", "{FD307915-30A4-4AE3-AEDA-8D44D944C163}"
EndProject
Project("{8BC9CEB8-8B4A-11D0-8D11-00A0C91BC942}") = "BST", "BST\BST.vcxproj", "{80F1DBCA-1A50-4796-97FE-C77904F21A9D}"
EndProject
Global
	GlobalSection(SolutionConfigurationPlatforms) = preSolution
		Debug|x64 = Debug|x64
		Debug|x86 = Debug|x86
		Release|x64 = Release|x64
		Release|x86 = Release|x86
	EndGlobalSection
	GlobalSection(ProjectConfigurationPlatforms) = postSolution
		{FD307915-30A4-4AE3-AEDA-8D44D944C163}.Debug|x64.ActiveCfg = Debug|x64
		{FD307915-30A4-4AE3-AEDA-8D44D944C163}.Debug|x64.Build.0 = Debug|x64
		{FD307915-30A4-4AE3-AEDA-8D44D944C163}.Debug|x86.ActiveCfg = Debug|Win32
		{FD307915-30A4-4AE3-AEDA-8D44D944C163}.Debug|x86.Build.0 = Debug|Win32
		{FD307915-30A4-4AE3-AEDA-8D44D944C163}.Release|x64.ActiveCfg = Release|x64
		{FD307915-30A4-4AE3-AEDA-8D44D944C163}.Release|x64.Build.0 = Release|x64
		{FD307915-30A4-4AE3-AEDA-8D44D944C163}.Release|x86.ActiveCfg = Release|Win32
		{FD307915-30A4-4AE3-AEDA-8D44D944C163}.Release|x86.Build.0 = Release|Win32
		{80F1DBCA-1A50-4796-97FE-C77904F21A9D}.Debug|x64.ActiveCfg = Debug|x64
		{80F1DBCA-1A50-4796-97FE-C77904F21A9D}.Debug|x64.Build.0 = Debug|x64
		{80F1DBCA-1A50-4796-97FE-C77904F21A9D}.Debug|x86.ActiveCfg = Debug|Win32
		{80F1DBCA-1A50-4796-97FE-C77904F21A9D}.Debug|x86.Build.0 = Debug|Win32
		{80F1DBCA-1A50-4796-97FE-C77904F21A9D}.Release|x64.ActiveCfg = Release|x64
		{80F1DBCA-1A50-4796-97FE-C77904F21A9D}.Release|x64.Build.0 = Release|x64
		{80F1DBCA-1A50-4796-97FE-C77904F21A9D}.Release|x86.ActiveCfg = Release|Win32
		{80F1DBCA-1A50-4796-97FE-C77904F21A9D}.Release|x86.Build.0 = Release|Win32
	EndGlobalSection
	GlobalSection(SolutionProperties) = preSolution
		HideSolutionNode = FALSE
	EndGlobalSection
EndGlobal
